// !$*UTF8*$!
{
	archiveVersion = 1;
	classes = {
	};
	objectVersion = 48;
	objects = {

/* Begin PBXBuildFile section */
		EDAB19E520D4A6AD00573020 /* AppDelegate.swift in Sources */ = {isa = PBXBuildFile; fileRef = EDAB19E420D4A6AD00573020 /* AppDelegate.swift */; };
		EDAB19E720D4A6AD00573020 /* ViewController.swift in Sources */ = {isa = PBXBuildFile; fileRef = EDAB19E620D4A6AD00573020 /* ViewController.swift */; };
		EDAB19EA20D4A6AD00573020 /* Main.storyboard in Resources */ = {isa = PBXBuildFile; fileRef = EDAB19E820D4A6AD00573020 /* Main.storyboard */; };
		EDAB19EC20D4A6AD00573020 /* Assets.xcassets in Resources */ = {isa = PBXBuildFile; fileRef = EDAB19EB20D4A6AD00573020 /* Assets.xcassets */; };
		EDAB19EF20D4A6AD00573020 /* LaunchScreen.storyboard in Resources */ = {isa = PBXBuildFile; fileRef = EDAB19ED20D4A6AD00573020 /* LaunchScreen.storyboard */; };
/* End PBXBuildFile section */

/* Begin PBXFileReference section */
		EDAB19E120D4A6AD00573020 /* AngelHackDarkWire.app */ = {isa = PBXFileReference; explicitFileType = wrapper.application; includeInIndex = 0; path = AngelHackDarkWire.app; sourceTree = BUILT_PRODUCTS_DIR; };
		EDAB19E420D4A6AD00573020 /* AppDelegate.swift */ = {isa = PBXFileReference; lastKnownFileType = sourcecode.swift; path = AppDelegate.swift; sourceTree = "<group>"; };
		EDAB19E620D4A6AD00573020 /* ViewController.swift */ = {isa = PBXFileReference; lastKnownFileType = sourcecode.swift; path = ViewController.swift; sourceTree = "<group>"; };
		EDAB19E920D4A6AD00573020 /* Base */ = {isa = PBXFileReference; lastKnownFileType = file.storyboard; name = Base; path = Base.lproj/Main.storyboard; sourceTree = "<group>"; };
		EDAB19EB20D4A6AD00573020 /* Assets.xcassets */ = {isa = PBXFileReference; lastKnownFileType = folder.assetcatalog; path = Assets.xcassets; sourceTree = "<group>"; };
		EDAB19EE20D4A6AD00573020 /* Base */ = {isa = PBXFileReference; lastKnownFileType = file.storyboard; name = Base; path = Base.lproj/LaunchScreen.storyboard; sourceTree = "<group>"; };
		EDAB19F020D4A6AD00573020 /* Info.plist */ = {isa = PBXFileReference; lastKnownFileType = text.plist.xml; path = Info.plist; sourceTree = "<group>"; };
/* End PBXFileReference section */

/* Begin PBXFrameworksBuildPhase section */
		EDAB19DE20D4A6AD00573020 /* Frameworks */ = {
			isa = PBXFrameworksBuildPhase;
			buildActionMask = 2147483647;
			files = (
			);
			runOnlyForDeploymentPostprocessing = 0;
		};
/* End PBXFrameworksBuildPhase section */

/* Begin PBXGroup section */
		EDAB19D820D4A6AD00573020 = {
			isa = PBXGroup;
			children = (
				EDAB19E320D4A6AD00573020 /* AngelHackDarkWire */,
				EDAB19E220D4A6AD00573020 /* Products */,
			);
			sourceTree = "<group>";
		};
		EDAB19E220D4A6AD00573020 /* Products */ = {
			isa = PBXGroup;
			children = (
				EDAB19E120D4A6AD00573020 /* AngelHackDarkWire.app */,
			);
			name = Products;
			sourceTree = "<group>";
		};
		EDAB19E320D4A6AD00573020 /* AngelHackDarkWire */ = {
			isa = PBXGroup;
			children = (
				EDAB19E420D4A6AD00573020 /* AppDelegate.swift */,
				EDAB19E620D4A6AD00573020 /* ViewController.swift */,
				EDAB19E820D4A6AD00573020 /* Main.storyboard */,
				EDAB19EB20D4A6AD00573020 /* Assets.xcassets */,
				EDAB19ED20D4A6AD00573020 /* LaunchScreen.storyboard */,
				EDAB19F020D4A6AD00573020 /* Info.plist */,
			);
			path = AngelHackDarkWire;
			sourceTree = "<group>";
		};
/* End PBXGroup section */

/* Begin PBXNativeTarget section */
		EDAB19E020D4A6AD00573020 /* AngelHackDarkWire */ = {
			isa = PBXNativeTarget;
			buildConfigurationList = EDAB19F320D4A6AD00573020 /* Build configuration list for PBXNativeTarget "AngelHackDarkWire" */;
			buildPhases = (
				EDAB19DD20D4A6AD00573020 /* Sources */,
				EDAB19DE20D4A6AD00573020 /* Frameworks */,
				EDAB19DF20D4A6AD00573020 /* Resources */,
			);
			buildRules = (
			);
			dependencies = (
			);
			name = AngelHackDarkWire;
			productName = AngelHackDarkWire;
			productReference = EDAB19E120D4A6AD00573020 /* AngelHackDarkWire.app */;
			productType = "com.apple.product-type.application";
		};
/* End PBXNativeTarget section */

/* Begin PBXProject section */
		EDAB19D920D4A6AD00573020 /* Project object */ = {
			isa = PBXProject;
			attributes = {
				LastSwiftUpdateCheck = 0920;
				LastUpgradeCheck = 0920;
				ORGANIZATIONNAME = "Kirill Dubovitskiy";
				TargetAttributes = {
					EDAB19E020D4A6AD00573020 = {
						CreatedOnToolsVersion = 9.2;
						ProvisioningStyle = Automatic;
					};
				};
			};
			buildConfigurationList = EDAB19DC20D4A6AD00573020 /* Build configuration list for PBXProject "AngelHackDarkWire" */;
			compatibilityVersion = "Xcode 8.0";
			developmentRegion = en;
			hasScannedForEncodings = 0;
			knownRegions = (
				en,
				Base,
			);
			mainGroup = EDAB19D820D4A6AD00573020;
			productRefGroup = EDAB19E220D4A6AD00573020 /* Products */;
			projectDirPath = "";
			projectRoot = "";
			targets = (
				EDAB19E020D4A6AD00573020 /* AngelHackDarkWire */,
			);
		};
/* End PBXProject section */

/* Begin PBXResourcesBuildPhase section */
		EDAB19DF20D4A6AD00573020 /* Resources */ = {
			isa = PBXResourcesBuildPhase;
			buildActionMask = 2147483647;
			files = (
				EDAB19EF20D4A6AD00573020 /* LaunchScreen.storyboard in Resources */,
				EDAB19EC20D4A6AD00573020 /* Assets.xcassets in Resources */,
				EDAB19EA20D4A6AD00573020 /* Main.storyboard in Resources */,
			);
			runOnlyForDeploymentPostprocessing = 0;
		};
/* End PBXResourcesBuildPhase section */

/* Begin PBXSourcesBuildPhase section */
		EDAB19DD20D4A6AD00573020 /* Sources */ = {
			isa = PBXSourcesBuildPhase;
			buildActionMask = 2147483647;
			files = (
				EDAB19E720D4A6AD00573020 /* ViewController.swift in Sources */,
				EDAB19E520D4A6AD00573020 /* AppDelegate.swift in Sources */,
			);
			runOnlyForDeploymentPostprocessing = 0;
		};
/* End PBXSourcesBuildPhase section */

/* Begin PBXVariantGroup section */
		EDAB19E820D4A6AD00573020 /* Main.storyboard */ = {
			isa = PBXVariantGroup;
			children = (
				EDAB19E920D4A6AD00573020 /* Base */,
			);
			name = Main.storyboard;
			sourceTree = "<group>";
		};
		EDAB19ED20D4A6AD00573020 /* LaunchScreen.storyboard */ = {
			isa = PBXVariantGroup;
			children = (
				EDAB19EE20D4A6AD00573020 /* Base */,
			);
			name = LaunchScreen.storyboard;
			sourceTree = "<group>";
		};
/* End PBXVariantGroup section */

/* Begin XCBuildConfiguration section */
		EDAB19F120D4A6AD00573020 /* Debug */ = {
			isa = XCBuildConfiguration;
			buildSettings = {
				ALWAYS_SEARCH_USER_PATHS = NO;
				CLANG_ANALYZER_NONNULL = YES;
				CLANG_ANALYZER_NUMBER_OBJECT_CONVERSION = YES_AGGRESSIVE;
				CLANG_CXX_LANGUAGE_STANDARD = "gnu++14";
				CLANG_CXX_LIBRARY = "libc++";
				CLANG_ENABLE_MODULES = YES;
				CLANG_ENABLE_OBJC_ARC = YES;
				CLANG_WARN_BLOCK_CAPTURE_AUTORELEASING = YES;
				CLANG_WARN_BOOL_CONVERSION = YES;
				CLANG_WARN_COMMA = YES;
				CLANG_WARN_CONSTANT_CONVERSION = YES;
				CLANG_WARN_DIRECT_OBJC_ISA_USAGE = YES_ERROR;
				CLANG_WARN_DOCUMENTATION_COMMENTS = YES;
				CLANG_WARN_EMPTY_BODY = YES;
				CLANG_WARN_ENUM_CONVERSION = YES;
				CLANG_WARN_INFINITE_RECURSION = YES;
				CLANG_WARN_INT_CONVERSION = YES;
				CLANG_WARN_NON_LITERAL_NULL_CONVERSION = YES;
				CLANG_WARN_OBJC_LITERAL_CONVERSION = YES;
				CLANG_WARN_OBJC_ROOT_CLASS = YES_ERROR;
				CLANG_WARN_RANGE_LOOP_ANALYSIS = YES;
				CLANG_WARN_STRICT_PROTOTYPES = YES;
				CLANG_WARN_SUSPICIOUS_MOVE = YES;
				CLANG_WARN_UNGUARDED_AVAILABILITY = YES_AGGRESSIVE;
				CLANG_WARN_UNREACHABLE_CODE = YES;
				CLANG_WARN__DUPLICATE_METHOD_MATCH = YES;
				CODE_SIGN_IDENTITY = "iPhone Developer";
				COPY_PHASE_STRIP = NO;
				DEBUG_INFORMATION_FORMAT = dwarf;
				ENABLE_STRICT_OBJC_MSGSEND = YES;
				ENABLE_TESTABILITY = YES;
				GCC_C_LANGUAGE_STANDARD = gnu11;
				GCC_DYNAMIC_NO_PIC = NO;
				GCC_NO_COMMON_BLOCKS = YES;
				GCC_OPTIMIZATION_LEVEL = 0;
				GCC_PREPROCESSOR_DEFINITIONS = (
					"DEBUG=1",
					"$(inherited)",
				);
				GCC_WARN_64_TO_32_BIT_CONVERSION = YES;
				GCC_WARN_ABOUT_RETURN_TYPE = YES_ERROR;
				GCC_WARN_UNDECLARED_SELECTOR = YES;
				GCC_WARN_UNINITIALIZED_AUTOS = YES_AGGRESSIVE;
				GCC_WARN_UNUSED_FUNCTION = YES;
				GCC_WARN_UNUSED_VARIABLE = YES;
				IPHONEOS_DEPLOYMENT_TARGET = 11.2;
				MTL_ENABLE_DEBUG_INFO = YES;
				ONLY_ACTIVE_ARCH = YES;
				SDKROOT = iphoneos;
				SWIFT_ACTIVE_COMPILATION_CONDITIONS = DEBUG;
				SWIFT_OPTIMIZATION_LEVEL = "-Onone";
			};
			name = Debug;
		};
		EDAB19F220D4A6AD00573020 /* Release */ = {
			isa = XCBuildConfiguration;
			buildSettings = {
				ALWAYS_SEARCH_USER_PATHS = NO;
				CLANG_ANALYZER_NONNULL = YES;
				CLANG_ANALYZER_NUMBER_OBJECT_CONVERSION = YES_AGGRESSIVE;
				CLANG_CXX_LANGUAGE_STANDARD = "gnu++14";
				CLANG_CXX_LIBRARY = "libc++";
				CLANG_ENABLE_MODULES = YES;
				CLANG_ENABLE_OBJC_ARC = YES;
				CLANG_WARN_BLOCK_CAPTURE_AUTORELEASING = YES;
				CLANG_WARN_BOOL_CONVERSION = YES;
				CLANG_WARN_COMMA = YES;
				CLANG_WARN_CONSTANT_CONVERSION = YES;
				CLANG_WARN_DIRECT_OBJC_ISA_USAGE = YES_ERROR;
				CLANG_WARN_DOCUMENTATION_COMMENTS = YES;
				CLANG_WARN_EMPTY_BODY = YES;
				CLANG_WARN_ENUM_CONVERSION = YES;
				CLANG_WARN_INFINITE_RECURSION = YES;
				CLANG_WARN_INT_CONVERSION = YES;
				CLANG_WARN_NON_LITERAL_NULL_CONVERSION = YES;
				CLANG_WARN_OBJC_LITERAL_CONVERSION = YES;
				CLANG_WARN_OBJC_ROOT_CLASS = YES_ERROR;
				CLANG_WARN_RANGE_LOOP_ANALYSIS = YES;
				CLANG_WARN_STRICT_PROTOTYPES = YES;
				CLANG_WARN_SUSPICIOUS_MOVE = YES;
				CLANG_WARN_UNGUARDED_AVAILABILITY = YES_AGGRESSIVE;
				CLANG_WARN_UNREACHABLE_CODE = YES;
				CLANG_WARN__DUPLICATE_METHOD_MATCH = YES;
				CODE_SIGN_IDENTITY = "iPhone Developer";
				COPY_PHASE_STRIP = NO;
				DEBUG_INFORMATION_FORMAT = "dwarf-with-dsym";
				ENABLE_NS_ASSERTIONS = NO;
				ENABLE_STRICT_OBJC_MSGSEND = YES;
				GCC_C_LANGUAGE_STANDARD = gnu11;
				GCC_NO_COMMON_BLOCKS = YES;
				GCC_WARN_64_TO_32_BIT_CONVERSION = YES;
				GCC_WARN_ABOUT_RETURN_TYPE = YES_ERROR;
				GCC_WARN_UNDECLARED_SELECTOR = YES;
				GCC_WARN_UNINITIALIZED_AUTOS = YES_AGGRESSIVE;
				GCC_WARN_UNUSED_FUNCTION = YES;
				GCC_WARN_UNUSED_VARIABLE = YES;
				IPHONEOS_DEPLOYMENT_TARGET = 11.2;
				MTL_ENABLE_DEBUG_INFO = NO;
				SDKROOT = iphoneos;
				SWIFT_OPTIMIZATION_LEVEL = "-Owholemodule";
				VALIDATE_PRODUCT = YES;
			};
			name = Release;
		};
		EDAB19F420D4A6AD00573020 /* Debug */ = {
			isa = XCBuildConfiguration;
			buildSettings = {
				ASSETCATALOG_COMPILER_APPICON_NAME = AppIcon;
				CODE_SIGN_STYLE = Automatic;
				DEVELOPMENT_TEAM = A55978949T;
				INFOPLIST_FILE = AngelHackDarkWire/Info.plist;
				LD_RUNPATH_SEARCH_PATHS = "$(inherited) @executable_path/Frameworks";
				PRODUCT_BUNDLE_IDENTIFIER = com.BrainDump.AngelHackDarkWire;
				PRODUCT_NAME = "$(TARGET_NAME)";
				SWIFT_VERSION = 4.0;
				TARGETED_DEVICE_FAMILY = "1,2";
			};
			name = Debug;
		};
		EDAB19F520D4A6AD00573020 /* Release */ = {
			isa = XCBuildConfiguration;
			buildSettings = {
				ASSETCATALOG_COMPILER_APPICON_NAME = AppIcon;
				CODE_SIGN_STYLE = Automatic;
				DEVELOPMENT_TEAM = A55978949T;
				INFOPLIST_FILE = AngelHackDarkWire/Info.plist;
				LD_RUNPATH_SEARCH_PATHS = "$(inherited) @executable_path/Frameworks";
				PRODUCT_BUNDLE_IDENTIFIER = com.BrainDump.AngelHackDarkWire;
				PRODUCT_NAME = "$(TARGET_NAME)";
				SWIFT_VERSION = 4.0;
				TARGETED_DEVICE_FAMILY = "1,2";
			};
			name = Release;
		};
/* End XCBuildConfiguration section */

/* Begin XCConfigurationList section */
		EDAB19DC20D4A6AD00573020 /* Build configuration list for PBXProject "AngelHackDarkWire" */ = {
			isa = XCConfigurationList;
			buildConfigurations = (
				EDAB19F120D4A6AD00573020 /* Debug */,
				EDAB19F220D4A6AD00573020 /* Release */,
			);
			defaultConfigurationIsVisible = 0;
			defaultConfigurationName = Release;
		};
		EDAB19F320D4A6AD00573020 /* Build configuration list for PBXNativeTarget "AngelHackDarkWire" */ = {
			isa = XCConfigurationList;
			buildConfigurations = (
				EDAB19F420D4A6AD00573020 /* Debug */,
				EDAB19F520D4A6AD00573020 /* Release */,
			);
			defaultConfigurationIsVisible = 0;
			defaultConfigurationName = Release;
		};
/* End XCConfigurationList section */
	};
	rootObject = EDAB19D920D4A6AD00573020 /* Project object */;
}
